
Microsoft Visual Studio Solution File, Format Version 12.00
# Visual Studio Version 16
VisualStudioVersion = 16.0.30717.126
MinimumVisualStudioVersion = 10.0.40219.1
Project("{FAE04EC0-301F-11D3-BF4B-00C04F79EFBC}") = "GOL", "GOL\GOL.csproj", "{612B5176-D176-4F6F-9918-A81AB04672AF}"
EndProject
Global
	GlobalSection(SolutionConfigurationPlatforms) = preSolution
		Debug|Any CPU = Debug|Any CPU
		Release|Any CPU = Release|Any CPU
	EndGlobalSection
	GlobalSection(ProjectConfigurationPlatforms) = postSolution
		{612B5176-D176-4F6F-9918-A81AB04672AF}.Debug|Any CPU.ActiveCfg = Debug|Any CPU
		{612B5176-D176-4F6F-9918-A81AB04672AF}.Debug|Any CPU.Build.0 = Debug|Any CPU
		{612B5176-D176-4F6F-9918-A81AB04672AF}.Release|Any CPU.ActiveCfg = Release|Any CPU
		{612B5176-D176-4F6F-9918-A81AB04672AF}.Release|Any CPU.Build.0 = Release|Any CPU
	EndGlobalSection
	GlobalSection(SolutionProperties) = preSolution
		HideSolutionNode = FALSE
	EndGlobalSection
	GlobalSection(ExtensibilityGlobals) = postSolution
		SolutionGuid = {13B6CD0C-CFDC-4562-B552-50F3FFB77E6C}
	EndGlobalSection
EndGlobal
